// !$*UTF8*$!
{
	archiveVersion = 1;
	classes = {
	};
	objectVersion = 46;
	objects = {

/* Begin PBXBuildFile section */
		496C4B391CE14AC100C5FC58 /* Categories.swift in Sources */ = {isa = PBXBuildFile; fileRef = 496C4B381CE14AC100C5FC58 /* Categories.swift */; };
		496C4B3B1CE171C900C5FC58 /* Question.swift in Sources */ = {isa = PBXBuildFile; fileRef = 496C4B3A1CE171C900C5FC58 /* Question.swift */; };
		49E26EF21CDD6C2F00BCB07A /* AppDelegate.swift in Sources */ = {isa = PBXBuildFile; fileRef = 49E26EF11CDD6C2F00BCB07A /* AppDelegate.swift */; };
		49E26EF41CDD6C2F00BCB07A /* MasterViewController.swift in Sources */ = {isa = PBXBuildFile; fileRef = 49E26EF31CDD6C2F00BCB07A /* MasterViewController.swift */; };
		49E26EF61CDD6C2F00BCB07A /* DetailViewController.swift in Sources */ = {isa = PBXBuildFile; fileRef = 49E26EF51CDD6C2F00BCB07A /* DetailViewController.swift */; };
		49E26EF91CDD6C2F00BCB07A /* Main.storyboard in Resources */ = {isa = PBXBuildFile; fileRef = 49E26EF71CDD6C2F00BCB07A /* Main.storyboard */; };
		49E26EFB1CDD6C2F00BCB07A /* Assets.xcassets in Resources */ = {isa = PBXBuildFile; fileRef = 49E26EFA1CDD6C2F00BCB07A /* Assets.xcassets */; };
		49E26EFE1CDD6C2F00BCB07A /* LaunchScreen.storyboard in Resources */ = {isa = PBXBuildFile; fileRef = 49E26EFC1CDD6C2F00BCB07A /* LaunchScreen.storyboard */; };
		49E26F091CDD6C2F00BCB07A /* iQuizTests.swift in Sources */ = {isa = PBXBuildFile; fileRef = 49E26F081CDD6C2F00BCB07A /* iQuizTests.swift */; };
		49E26F141CDD6C2F00BCB07A /* iQuizUITests.swift in Sources */ = {isa = PBXBuildFile; fileRef = 49E26F131CDD6C2F00BCB07A /* iQuizUITests.swift */; };
		49E26F221CDD6D3900BCB07A /* Category.swift in Sources */ = {isa = PBXBuildFile; fileRef = 49E26F211CDD6D3900BCB07A /* Category.swift */; };
		49E26F241CDD7A0700BCB07A /* CategoryTableViewCell.swift in Sources */ = {isa = PBXBuildFile; fileRef = 49E26F231CDD7A0700BCB07A /* CategoryTableViewCell.swift */; };
		49E26F261CDFCBAA00BCB07A /* FetchJSON.swift in Sources */ = {isa = PBXBuildFile; fileRef = 49E26F251CDFCBAA00BCB07A /* FetchJSON.swift */; };
/* End PBXBuildFile section */

/* Begin PBXContainerItemProxy section */
		49E26F051CDD6C2F00BCB07A /* PBXContainerItemProxy */ = {
			isa = PBXContainerItemProxy;
			containerPortal = 49E26EE61CDD6C2F00BCB07A /* Project object */;
			proxyType = 1;
			remoteGlobalIDString = 49E26EED1CDD6C2F00BCB07A;
			remoteInfo = iQuiz;
		};
		49E26F101CDD6C2F00BCB07A /* PBXContainerItemProxy */ = {
			isa = PBXContainerItemProxy;
			containerPortal = 49E26EE61CDD6C2F00BCB07A /* Project object */;
			proxyType = 1;
			remoteGlobalIDString = 49E26EED1CDD6C2F00BCB07A;
			remoteInfo = iQuiz;
		};
/* End PBXContainerItemProxy section */

/* Begin PBXFileReference section */
		496C4B381CE14AC100C5FC58 /* Categories.swift */ = {isa = PBXFileReference; fileEncoding = 4; lastKnownFileType = sourcecode.swift; path = Categories.swift; sourceTree = "<group>"; };
		496C4B3A1CE171C900C5FC58 /* Question.swift */ = {isa = PBXFileReference; fileEncoding = 4; lastKnownFileType = sourcecode.swift; path = Question.swift; sourceTree = "<group>"; };
		49E26EEE1CDD6C2F00BCB07A /* iQuiz.app */ = {isa = PBXFileReference; explicitFileType = wrapper.application; includeInIndex = 0; path = iQuiz.app; sourceTree = BUILT_PRODUCTS_DIR; };
		49E26EF11CDD6C2F00BCB07A /* AppDelegate.swift */ = {isa = PBXFileReference; lastKnownFileType = sourcecode.swift; path = AppDelegate.swift; sourceTree = "<group>"; };
		49E26EF31CDD6C2F00BCB07A /* MasterViewController.swift */ = {isa = PBXFileReference; lastKnownFileType = sourcecode.swift; path = MasterViewController.swift; sourceTree = "<group>"; };
		49E26EF51CDD6C2F00BCB07A /* DetailViewController.swift */ = {isa = PBXFileReference; lastKnownFileType = sourcecode.swift; path = DetailViewController.swift; sourceTree = "<group>"; };
		49E26EF81CDD6C2F00BCB07A /* Base */ = {isa = PBXFileReference; lastKnownFileType = file.storyboard; name = Base; path = Base.lproj/Main.storyboard; sourceTree = "<group>"; };
		49E26EFA1CDD6C2F00BCB07A /* Assets.xcassets */ = {isa = PBXFileReference; lastKnownFileType = folder.assetcatalog; path = Assets.xcassets; sourceTree = "<group>"; };
		49E26EFD1CDD6C2F00BCB07A /* Base */ = {isa = PBXFileReference; lastKnownFileType = file.storyboard; name = Base; path = Base.lproj/LaunchScreen.storyboard; sourceTree = "<group>"; };
		49E26EFF1CDD6C2F00BCB07A /* Info.plist */ = {isa = PBXFileReference; lastKnownFileType = text.plist.xml; path = Info.plist; sourceTree = "<group>"; };
		49E26F041CDD6C2F00BCB07A /* iQuizTests.xctest */ = {isa = PBXFileReference; explicitFileType = wrapper.cfbundle; includeInIndex = 0; path = iQuizTests.xctest; sourceTree = BUILT_PRODUCTS_DIR; };
		49E26F081CDD6C2F00BCB07A /* iQuizTests.swift */ = {isa = PBXFileReference; lastKnownFileType = sourcecode.swift; path = iQuizTests.swift; sourceTree = "<group>"; };
		49E26F0A1CDD6C2F00BCB07A /* Info.plist */ = {isa = PBXFileReference; lastKnownFileType = text.plist.xml; path = Info.plist; sourceTree = "<group>"; };
		49E26F0F1CDD6C2F00BCB07A /* iQuizUITests.xctest */ = {isa = PBXFileReference; explicitFileType = wrapper.cfbundle; includeInIndex = 0; path = iQuizUITests.xctest; sourceTree = BUILT_PRODUCTS_DIR; };
		49E26F131CDD6C2F00BCB07A /* iQuizUITests.swift */ = {isa = PBXFileReference; lastKnownFileType = sourcecode.swift; path = iQuizUITests.swift; sourceTree = "<group>"; };
		49E26F151CDD6C2F00BCB07A /* Info.plist */ = {isa = PBXFileReference; lastKnownFileType = text.plist.xml; path = Info.plist; sourceTree = "<group>"; };
		49E26F211CDD6D3900BCB07A /* Category.swift */ = {isa = PBXFileReference; fileEncoding = 4; lastKnownFileType = sourcecode.swift; path = Category.swift; sourceTree = "<group>"; };
		49E26F231CDD7A0700BCB07A /* CategoryTableViewCell.swift */ = {isa = PBXFileReference; fileEncoding = 4; lastKnownFileType = sourcecode.swift; path = CategoryTableViewCell.swift; sourceTree = "<group>"; };
		49E26F251CDFCBAA00BCB07A /* FetchJSON.swift */ = {isa = PBXFileReference; fileEncoding = 4; lastKnownFileType = sourcecode.swift; path = FetchJSON.swift; sourceTree = "<group>"; };
/* End PBXFileReference section */

/* Begin PBXFrameworksBuildPhase section */
		49E26EEB1CDD6C2F00BCB07A /* Frameworks */ = {
			isa = PBXFrameworksBuildPhase;
			buildActionMask = 2147483647;
			files = (
			);
			runOnlyForDeploymentPostprocessing = 0;
		};
		49E26F011CDD6C2F00BCB07A /* Frameworks */ = {
			isa = PBXFrameworksBuildPhase;
			buildActionMask = 2147483647;
			files = (
			);
			runOnlyForDeploymentPostprocessing = 0;
		};
		49E26F0C1CDD6C2F00BCB07A /* Frameworks */ = {
			isa = PBXFrameworksBuildPhase;
			buildActionMask = 2147483647;
			files = (
			);
			runOnlyForDeploymentPostprocessing = 0;
		};
/* End PBXFrameworksBuildPhase section */

/* Begin PBXGroup section */
		49E26EE51CDD6C2F00BCB07A = {
			isa = PBXGroup;
			children = (
				49E26EF01CDD6C2F00BCB07A /* iQuiz */,
				49E26F071CDD6C2F00BCB07A /* iQuizTests */,
				49E26F121CDD6C2F00BCB07A /* iQuizUITests */,
				49E26EEF1CDD6C2F00BCB07A /* Products */,
			);
			sourceTree = "<group>";
		};
		49E26EEF1CDD6C2F00BCB07A /* Products */ = {
			isa = PBXGroup;
			children = (
				49E26EEE1CDD6C2F00BCB07A /* iQuiz.app */,
				49E26F041CDD6C2F00BCB07A /* iQuizTests.xctest */,
				49E26F0F1CDD6C2F00BCB07A /* iQuizUITests.xctest */,
			);
			name = Products;
			sourceTree = "<group>";
		};
		49E26EF01CDD6C2F00BCB07A /* iQuiz */ = {
			isa = PBXGroup;
			children = (
				49E26EF11CDD6C2F00BCB07A /* AppDelegate.swift */,
				49E26EF31CDD6C2F00BCB07A /* MasterViewController.swift */,
				49E26EF51CDD6C2F00BCB07A /* DetailViewController.swift */,
				49E26EF71CDD6C2F00BCB07A /* Main.storyboard */,
				49E26EFA1CDD6C2F00BCB07A /* Assets.xcassets */,
				49E26EFC1CDD6C2F00BCB07A /* LaunchScreen.storyboard */,
				49E26EFF1CDD6C2F00BCB07A /* Info.plist */,
				49E26F211CDD6D3900BCB07A /* Category.swift */,
				49E26F231CDD7A0700BCB07A /* CategoryTableViewCell.swift */,
				49E26F251CDFCBAA00BCB07A /* FetchJSON.swift */,
				496C4B381CE14AC100C5FC58 /* Categories.swift */,
				496C4B3A1CE171C900C5FC58 /* Question.swift */,
			);
			path = iQuiz;
			sourceTree = "<group>";
		};
		49E26F071CDD6C2F00BCB07A /* iQuizTests */ = {
			isa = PBXGroup;
			children = (
				49E26F081CDD6C2F00BCB07A /* iQuizTests.swift */,
				49E26F0A1CDD6C2F00BCB07A /* Info.plist */,
			);
			path = iQuizTests;
			sourceTree = "<group>";
		};
		49E26F121CDD6C2F00BCB07A /* iQuizUITests */ = {
			isa = PBXGroup;
			children = (
				49E26F131CDD6C2F00BCB07A /* iQuizUITests.swift */,
				49E26F151CDD6C2F00BCB07A /* Info.plist */,
			);
			path = iQuizUITests;
			sourceTree = "<group>";
		};
/* End PBXGroup section */

/* Begin PBXNativeTarget section */
		49E26EED1CDD6C2F00BCB07A /* iQuiz */ = {
			isa = PBXNativeTarget;
			buildConfigurationList = 49E26F181CDD6C2F00BCB07A /* Build configuration list for PBXNativeTarget "iQuiz" */;
			buildPhases = (
				49E26EEA1CDD6C2F00BCB07A /* Sources */,
				49E26EEB1CDD6C2F00BCB07A /* Frameworks */,
				49E26EEC1CDD6C2F00BCB07A /* Resources */,
			);
			buildRules = (
			);
			dependencies = (
			);
			name = iQuiz;
			productName = iQuiz;
			productReference = 49E26EEE1CDD6C2F00BCB07A /* iQuiz.app */;
			productType = "com.apple.product-type.application";
		};
		49E26F031CDD6C2F00BCB07A /* iQuizTests */ = {
			isa = PBXNativeTarget;
			buildConfigurationList = 49E26F1B1CDD6C2F00BCB07A /* Build configuration list for PBXNativeTarget "iQuizTests" */;
			buildPhases = (
				49E26F001CDD6C2F00BCB07A /* Sources */,
				49E26F011CDD6C2F00BCB07A /* Frameworks */,
				49E26F021CDD6C2F00BCB07A /* Resources */,
			);
			buildRules = (
			);
			dependencies = (
				49E26F061CDD6C2F00BCB07A /* PBXTargetDependency */,
			);
			name = iQuizTests;
			productName = iQuizTests;
			productReference = 49E26F041CDD6C2F00BCB07A /* iQuizTests.xctest */;
			productType = "com.apple.product-type.bundle.unit-test";
		};
		49E26F0E1CDD6C2F00BCB07A /* iQuizUITests */ = {
			isa = PBXNativeTarget;
			buildConfigurationList = 49E26F1E1CDD6C2F00BCB07A /* Build configuration list for PBXNativeTarget "iQuizUITests" */;
			buildPhases = (
				49E26F0B1CDD6C2F00BCB07A /* Sources */,
				49E26F0C1CDD6C2F00BCB07A /* Frameworks */,
				49E26F0D1CDD6C2F00BCB07A /* Resources */,
			);
			buildRules = (
			);
			dependencies = (
				49E26F111CDD6C2F00BCB07A /* PBXTargetDependency */,
			);
			name = iQuizUITests;
			productName = iQuizUITests;
			productReference = 49E26F0F1CDD6C2F00BCB07A /* iQuizUITests.xctest */;
			productType = "com.apple.product-type.bundle.ui-testing";
		};
/* End PBXNativeTarget section */

/* Begin PBXProject section */
		49E26EE61CDD6C2F00BCB07A /* Project object */ = {
			isa = PBXProject;
			attributes = {
				LastSwiftUpdateCheck = 0730;
				LastUpgradeCheck = 0730;
				ORGANIZATIONNAME = ishansaksena;
				TargetAttributes = {
					49E26EED1CDD6C2F00BCB07A = {
						CreatedOnToolsVersion = 7.3;
					};
					49E26F031CDD6C2F00BCB07A = {
						CreatedOnToolsVersion = 7.3;
						TestTargetID = 49E26EED1CDD6C2F00BCB07A;
					};
					49E26F0E1CDD6C2F00BCB07A = {
						CreatedOnToolsVersion = 7.3;
						TestTargetID = 49E26EED1CDD6C2F00BCB07A;
					};
				};
			};
			buildConfigurationList = 49E26EE91CDD6C2F00BCB07A /* Build configuration list for PBXProject "iQuiz" */;
			compatibilityVersion = "Xcode 3.2";
			developmentRegion = English;
			hasScannedForEncodings = 0;
			knownRegions = (
				en,
				Base,
			);
			mainGroup = 49E26EE51CDD6C2F00BCB07A;
			productRefGroup = 49E26EEF1CDD6C2F00BCB07A /* Products */;
			projectDirPath = "";
			projectRoot = "";
			targets = (
				49E26EED1CDD6C2F00BCB07A /* iQuiz */,
				49E26F031CDD6C2F00BCB07A /* iQuizTests */,
				49E26F0E1CDD6C2F00BCB07A /* iQuizUITests */,
			);
		};
/* End PBXProject section */

/* Begin PBXResourcesBuildPhase section */
		49E26EEC1CDD6C2F00BCB07A /* Resources */ = {
			isa = PBXResourcesBuildPhase;
			buildActionMask = 2147483647;
			files = (
				49E26EFE1CDD6C2F00BCB07A /* LaunchScreen.storyboard in Resources */,
				49E26EFB1CDD6C2F00BCB07A /* Assets.xcassets in Resources */,
				49E26EF91CDD6C2F00BCB07A /* Main.storyboard in Resources */,
			);
			runOnlyForDeploymentPostprocessing = 0;
		};
		49E26F021CDD6C2F00BCB07A /* Resources */ = {
			isa = PBXResourcesBuildPhase;
			buildActionMask = 2147483647;
			files = (
			);
			runOnlyForDeploymentPostprocessing = 0;
		};
		49E26F0D1CDD6C2F00BCB07A /* Resources */ = {
			isa = PBXResourcesBuildPhase;
			buildActionMask = 2147483647;
			files = (
			);
			runOnlyForDeploymentPostprocessing = 0;
		};
/* End PBXResourcesBuildPhase section */

/* Begin PBXSourcesBuildPhase section */
		49E26EEA1CDD6C2F00BCB07A /* Sources */ = {
			isa = PBXSourcesBuildPhase;
			buildActionMask = 2147483647;
			files = (
				49E26F241CDD7A0700BCB07A /* CategoryTableViewCell.swift in Sources */,
				496C4B3B1CE171C900C5FC58 /* Question.swift in Sources */,
				496C4B391CE14AC100C5FC58 /* Categories.swift in Sources */,
				49E26EF61CDD6C2F00BCB07A /* DetailViewController.swift in Sources */,
				49E26EF41CDD6C2F00BCB07A /* MasterViewController.swift in Sources */,
				49E26EF21CDD6C2F00BCB07A /* AppDelegate.swift in Sources */,
				49E26F261CDFCBAA00BCB07A /* FetchJSON.swift in Sources */,
				49E26F221CDD6D3900BCB07A /* Category.swift in Sources */,
			);
			runOnlyForDeploymentPostprocessing = 0;
		};
		49E26F001CDD6C2F00BCB07A /* Sources */ = {
			isa = PBXSourcesBuildPhase;
			buildActionMask = 2147483647;
			files = (
				49E26F091CDD6C2F00BCB07A /* iQuizTests.swift in Sources */,
			);
			runOnlyForDeploymentPostprocessing = 0;
		};
		49E26F0B1CDD6C2F00BCB07A /* Sources */ = {
			isa = PBXSourcesBuildPhase;
			buildActionMask = 2147483647;
			files = (
				49E26F141CDD6C2F00BCB07A /* iQuizUITests.swift in Sources */,
			);
			runOnlyForDeploymentPostprocessing = 0;
		};
/* End PBXSourcesBuildPhase section */

/* Begin PBXTargetDependency section */
		49E26F061CDD6C2F00BCB07A /* PBXTargetDependency */ = {
			isa = PBXTargetDependency;
			target = 49E26EED1CDD6C2F00BCB07A /* iQuiz */;
			targetProxy = 49E26F051CDD6C2F00BCB07A /* PBXContainerItemProxy */;
		};
		49E26F111CDD6C2F00BCB07A /* PBXTargetDependency */ = {
			isa = PBXTargetDependency;
			target = 49E26EED1CDD6C2F00BCB07A /* iQuiz */;
			targetProxy = 49E26F101CDD6C2F00BCB07A /* PBXContainerItemProxy */;
		};
/* End PBXTargetDependency section */

/* Begin PBXVariantGroup section */
		49E26EF71CDD6C2F00BCB07A /* Main.storyboard */ = {
			isa = PBXVariantGroup;
			children = (
				49E26EF81CDD6C2F00BCB07A /* Base */,
			);
			name = Main.storyboard;
			sourceTree = "<group>";
		};
		49E26EFC1CDD6C2F00BCB07A /* LaunchScreen.storyboard */ = {
			isa = PBXVariantGroup;
			children = (
				49E26EFD1CDD6C2F00BCB07A /* Base */,
			);
			name = LaunchScreen.storyboard;
			sourceTree = "<group>";
		};
/* End PBXVariantGroup section */

/* Begin XCBuildConfiguration section */
		49E26F161CDD6C2F00BCB07A /* Debug */ = {
			isa = XCBuildConfiguration;
			buildSettings = {
				ALWAYS_SEARCH_USER_PATHS = NO;
				CLANG_ANALYZER_NONNULL = YES;
				CLANG_CXX_LANGUAGE_STANDARD = "gnu++0x";
				CLANG_CXX_LIBRARY = "libc++";
				CLANG_ENABLE_MODULES = YES;
				CLANG_ENABLE_OBJC_ARC = YES;
				CLANG_WARN_BOOL_CONVERSION = YES;
				CLANG_WARN_CONSTANT_CONVERSION = YES;
				CLANG_WARN_DIRECT_OBJC_ISA_USAGE = YES_ERROR;
				CLANG_WARN_EMPTY_BODY = YES;
				CLANG_WARN_ENUM_CONVERSION = YES;
				CLANG_WARN_INT_CONVERSION = YES;
				CLANG_WARN_OBJC_ROOT_CLASS = YES_ERROR;
				CLANG_WARN_UNREACHABLE_CODE = YES;
				CLANG_WARN__DUPLICATE_METHOD_MATCH = YES;
				"CODE_SIGN_IDENTITY[sdk=iphoneos*]" = "iPhone Developer";
				COPY_PHASE_STRIP = NO;
				DEBUG_INFORMATION_FORMAT = dwarf;
				ENABLE_STRICT_OBJC_MSGSEND = YES;
				ENABLE_TESTABILITY = YES;
				GCC_C_LANGUAGE_STANDARD = gnu99;
				GCC_DYNAMIC_NO_PIC = NO;
				GCC_NO_COMMON_BLOCKS = YES;
				GCC_OPTIMIZATION_LEVEL = 0;
				GCC_PREPROCESSOR_DEFINITIONS = (
					"DEBUG=1",
					"$(inherited)",
				);
				GCC_WARN_64_TO_32_BIT_CONVERSION = YES;
				GCC_WARN_ABOUT_RETURN_TYPE = YES_ERROR;
				GCC_WARN_UNDECLARED_SELECTOR = YES;
				GCC_WARN_UNINITIALIZED_AUTOS = YES_AGGRESSIVE;
				GCC_WARN_UNUSED_FUNCTION = YES;
				GCC_WARN_UNUSED_VARIABLE = YES;
				IPHONEOS_DEPLOYMENT_TARGET = 9.3;
				MTL_ENABLE_DEBUG_INFO = YES;
				ONLY_ACTIVE_ARCH = YES;
				SDKROOT = iphoneos;
				SWIFT_OPTIMIZATION_LEVEL = "-Onone";
				TARGETED_DEVICE_FAMILY = "1,2";
			};
			name = Debug;
		};
		49E26F171CDD6C2F00BCB07A /* Release */ = {
			isa = XCBuildConfiguration;
			buildSettings = {
				ALWAYS_SEARCH_USER_PATHS = NO;
				CLANG_ANALYZER_NONNULL = YES;
				CLANG_CXX_LANGUAGE_STANDARD = "gnu++0x";
				CLANG_CXX_LIBRARY = "libc++";
				CLANG_ENABLE_MODULES = YES;
				CLANG_ENABLE_OBJC_ARC = YES;
				CLANG_WARN_BOOL_CONVERSION = YES;
				CLANG_WARN_CONSTANT_CONVERSION = YES;
				CLANG_WARN_DIRECT_OBJC_ISA_USAGE = YES_ERROR;
				CLANG_WARN_EMPTY_BODY = YES;
				CLANG_WARN_ENUM_CONVERSION = YES;
				CLANG_WARN_INT_CONVERSION = YES;
				CLANG_WARN_OBJC_ROOT_CLASS = YES_ERROR;
				CLANG_WARN_UNREACHABLE_CODE = YES;
				CLANG_WARN__DUPLICATE_METHOD_MATCH = YES;
				"CODE_SIGN_IDENTITY[sdk=iphoneos*]" = "iPhone Developer";
				COPY_PHASE_STRIP = NO;
				DEBUG_INFORMATION_FORMAT = "dwarf-with-dsym";
				ENABLE_NS_ASSERTIONS = NO;
				ENABLE_STRICT_OBJC_MSGSEND = YES;
				GCC_C_LANGUAGE_STANDARD = gnu99;
				GCC_NO_COMMON_BLOCKS = YES;
				GCC_WARN_64_TO_32_BIT_CONVERSION = YES;
				GCC_WARN_ABOUT_RETURN_TYPE = YES_ERROR;
				GCC_WARN_UNDECLARED_SELECTOR = YES;
				GCC_WARN_UNINITIALIZED_AUTOS = YES_AGGRESSIVE;
				GCC_WARN_UNUSED_FUNCTION = YES;
				GCC_WARN_UNUSED_VARIABLE = YES;
				IPHONEOS_DEPLOYMENT_TARGET = 9.3;
				MTL_ENABLE_DEBUG_INFO = NO;
				SDKROOT = iphoneos;
				TARGETED_DEVICE_FAMILY = "1,2";
				VALIDATE_PRODUCT = YES;
			};
			name = Release;
		};
		49E26F191CDD6C2F00BCB07A /* Debug */ = {
			isa = XCBuildConfiguration;
			buildSettings = {
				ASSETCATALOG_COMPILER_APPICON_NAME = AppIcon;
				INFOPLIST_FILE = iQuiz/Info.plist;
				LD_RUNPATH_SEARCH_PATHS = "$(inherited) @executable_path/Frameworks";
				PRODUCT_BUNDLE_IDENTIFIER = com.ishansaksena.iQuiz;
				PRODUCT_NAME = "$(TARGET_NAME)";
			};
			name = Debug;
		};
		49E26F1A1CDD6C2F00BCB07A /* Release */ = {
			isa = XCBuildConfiguration;
			buildSettings = {
				ASSETCATALOG_COMPILER_APPICON_NAME = AppIcon;
				INFOPLIST_FILE = iQuiz/Info.plist;
				LD_RUNPATH_SEARCH_PATHS = "$(inherited) @executable_path/Frameworks";
				PRODUCT_BUNDLE_IDENTIFIER = com.ishansaksena.iQuiz;
				PRODUCT_NAME = "$(TARGET_NAME)";
			};
			name = Release;
		};
		49E26F1C1CDD6C2F00BCB07A /* Debug */ = {
			isa = XCBuildConfiguration;
			buildSettings = {
				BUNDLE_LOADER = "$(TEST_HOST)";
				INFOPLIST_FILE = iQuizTests/Info.plist;
				LD_RUNPATH_SEARCH_PATHS = "$(inherited) @executable_path/Frameworks @loader_path/Frameworks";
				PRODUCT_BUNDLE_IDENTIFIER = com.ishansaksena.iQuizTests;
				PRODUCT_NAME = "$(TARGET_NAME)";
				TEST_HOST = "$(BUILT_PRODUCTS_DIR)/iQuiz.app/iQuiz";
			};
			name = Debug;
		};
		49E26F1D1CDD6C2F00BCB07A /* Release */ = {
			isa = XCBuildConfiguration;
			buildSettings = {
				BUNDLE_LOADER = "$(TEST_HOST)";
				INFOPLIST_FILE = iQuizTests/Info.plist;
				LD_RUNPATH_SEARCH_PATHS = "$(inherited) @executable_path/Frameworks @loader_path/Frameworks";
				PRODUCT_BUNDLE_IDENTIFIER = com.ishansaksena.iQuizTests;
				PRODUCT_NAME = "$(TARGET_NAME)";
				TEST_HOST = "$(BUILT_PRODUCTS_DIR)/iQuiz.app/iQuiz";
			};
			name = Release;
		};
		49E26F1F1CDD6C2F00BCB07A /* Debug */ = {
			isa = XCBuildConfiguration;
			buildSettings = {
				INFOPLIST_FILE = iQuizUITests/Info.plist;
				LD_RUNPATH_SEARCH_PATHS = "$(inherited) @executable_path/Frameworks @loader_path/Frameworks";
				PRODUCT_BUNDLE_IDENTIFIER = com.ishansaksena.iQuizUITests;
				PRODUCT_NAME = "$(TARGET_NAME)";
				TEST_TARGET_NAME = iQuiz;
			};
			name = Debug;
		};
		49E26F201CDD6C2F00BCB07A /* Release */ = {
			isa = XCBuildConfiguration;
			buildSettings = {
				INFOPLIST_FILE = iQuizUITests/Info.plist;
				LD_RUNPATH_SEARCH_PATHS = "$(inherited) @executable_path/Frameworks @loader_path/Frameworks";
				PRODUCT_BUNDLE_IDENTIFIER = com.ishansaksena.iQuizUITests;
				PRODUCT_NAME = "$(TARGET_NAME)";
				TEST_TARGET_NAME = iQuiz;
			};
			name = Release;
		};
/* End XCBuildConfiguration section */

/* Begin XCConfigurationList section */
		49E26EE91CDD6C2F00BCB07A /* Build configuration list for PBXProject "iQuiz" */ = {
			isa = XCConfigurationList;
			buildConfigurations = (
				49E26F161CDD6C2F00BCB07A /* Debug */,
				49E26F171CDD6C2F00BCB07A /* Release */,
			);
			defaultConfigurationIsVisible = 0;
			defaultConfigurationName = Release;
		};
		49E26F181CDD6C2F00BCB07A /* Build configuration list for PBXNativeTarget "iQuiz" */ = {
			isa = XCConfigurationList;
			buildConfigurations = (
				49E26F191CDD6C2F00BCB07A /* Debug */,
				49E26F1A1CDD6C2F00BCB07A /* Release */,
			);
			defaultConfigurationIsVisible = 0;
			defaultConfigurationName = Release;
		};
		49E26F1B1CDD6C2F00BCB07A /* Build configuration list for PBXNativeTarget "iQuizTests" */ = {
			isa = XCConfigurationList;
			buildConfigurations = (
				49E26F1C1CDD6C2F00BCB07A /* Debug */,
				49E26F1D1CDD6C2F00BCB07A /* Release */,
			);
			defaultConfigurationIsVisible = 0;
			defaultConfigurationName = Release;
		};
		49E26F1E1CDD6C2F00BCB07A /* Build configuration list for PBXNativeTarget "iQuizUITests" */ = {
			isa = XCConfigurationList;
			buildConfigurations = (
				49E26F1F1CDD6C2F00BCB07A /* Debug */,
				49E26F201CDD6C2F00BCB07A /* Release */,
			);
			defaultConfigurationIsVisible = 0;
			defaultConfigurationName = Release;
		};
/* End XCConfigurationList section */
	};
	rootObject = 49E26EE61CDD6C2F00BCB07A /* Project object */;
}
